{
  "requires": true,
  "lockfileVersion": 1,
  "dependencies": {
    "zsh": {
      "version": "0.0.1",
      "resolved": "https://registry.npmjs.org/zsh/-/zsh-0.0.1.tgz",
      "integrity": "sha512-JFVRW6WWrsXoGJfnEvY0f/g2MKtTRZPOY+8VwIMvm/ThpH5YaWySc49Mx8Q0VK4SA4aIEAPXqmrFh46xjdqwJA=="
    }
  }
}
